# THIS IS AN AUTOGENERATED FILE. DO NOT EDIT THIS FILE DIRECTLY.
# yarn lockfile v1


"@types/node@^13.7.0":
  version "13.7.0"
  resolved "https://registry.yarnpkg.com/@types/node/-/node-13.7.0.tgz#b417deda18cf8400f278733499ad5547ed1abec4"
  integrity sha512-GnZbirvmqZUzMgkFn70c74OQpTTUcCzlhQliTzYjQMqg+hVKcDnxdL19Ne3UdYzdMA/+W3eb646FWn/ZaT1NfQ==

shlex@^2.0.1:
  version "2.0.1"
  resolved "https://registry.yarnpkg.com/shlex/-/shlex-2.0.1.tgz#f3dfa388400604928fdc2d50388f421b8895ddf6"
  integrity sha512-XrweL4ORG4Y9E9VvqsAjQ0Dhr4oW3BP6d4IceL7EnRA5Y7KU+4wCFg9HMhFm7SxhVswKu9emOvblBr7J17Vqtg==
