# THIS IS AN AUTOGENERATED FILE. DO NOT EDIT THIS FILE DIRECTLY.
# yarn lockfile v1


"@types/node@^13.7.0":
  version "13.7.0"
  resolved "https://registry.yarnpkg.com/@types/node/-/node-13.7.0.tgz#b417deda18cf8400f278733499ad5547ed1abec4"
  integrity sha512-GnZbirvmqZUzMgkFn70c74OQpTTUcCzlhQliTzYjQMqg+hVKcDnxdL19Ne3UdYzdMA/+W3eb646FWn/ZaT1NfQ==

shlex@^2.0.2:
  version "2.0.2"
  resolved "https://registry.yarnpkg.com/shlex/-/shlex-2.0.2.tgz#debf51a145f1df9e7cb7cce04340ccb45120092d"
  integrity sha512-i4p9nNXgBTILspHwZlBCNsZzwuVWW8SFx5dyIONrjL0R+AbMOPbg7ndqgGfjYivkYRTtZMKqIT8HT+QyOhPQWA==
